// !$*UTF8*$!
{
	archiveVersion = 1;
	classes = {
	};
	objectVersion = 50;
	objects = {

/* Begin PBXBuildFile section */
		071B49C9218A25DE0072F109 /* MKMyPointAnnotation.swift in Sources */ = {isa = PBXBuildFile; fileRef = 071B49C8218A25DE0072F109 /* MKMyPointAnnotation.swift */; };
		075157F42153A00600D3435D /* AppDelegate.swift in Sources */ = {isa = PBXBuildFile; fileRef = 075157F32153A00600D3435D /* AppDelegate.swift */; };
		075157F62153A00600D3435D /* FirstViewController.swift in Sources */ = {isa = PBXBuildFile; fileRef = 075157F52153A00600D3435D /* FirstViewController.swift */; };
		075157F82153A00600D3435D /* SecondViewController.swift in Sources */ = {isa = PBXBuildFile; fileRef = 075157F72153A00600D3435D /* SecondViewController.swift */; };
		075157FB2153A00600D3435D /* Main.storyboard in Resources */ = {isa = PBXBuildFile; fileRef = 075157F92153A00600D3435D /* Main.storyboard */; };
		075157FD2153A00700D3435D /* Assets.xcassets in Resources */ = {isa = PBXBuildFile; fileRef = 075157FC2153A00700D3435D /* Assets.xcassets */; };
		075158002153A00700D3435D /* LaunchScreen.storyboard in Resources */ = {isa = PBXBuildFile; fileRef = 075157FE2153A00700D3435D /* LaunchScreen.storyboard */; };
		075158082153A42C00D3435D /* DetailController.swift in Sources */ = {isa = PBXBuildFile; fileRef = 075158072153A42C00D3435D /* DetailController.swift */; };
		07570FFF2153EB8300909E8F /* MapKit.framework in Frameworks */ = {isa = PBXBuildFile; fileRef = 07570FFE2153EB8300909E8F /* MapKit.framework */; };
		075710012154112E00909E8F /* Place.swift in Sources */ = {isa = PBXBuildFile; fileRef = 075710002154112E00909E8F /* Place.swift */; };
		0757100321541A9700909E8F /* PlaceTourist.swift in Sources */ = {isa = PBXBuildFile; fileRef = 0757100221541A9700909E8F /* PlaceTourist.swift */; };
		0757100521541C7100909E8F /* ManagerPlaces.swift in Sources */ = {isa = PBXBuildFile; fileRef = 0757100421541C7100909E8F /* ManagerPlaces.swift */; };
		0782527921710A1000B3E4E4 /* ManagerLocation.swift in Sources */ = {isa = PBXBuildFile; fileRef = 0782527821710A1000B3E4E4 /* ManagerLocation.swift */; };
		07860EAF217A09270091FF93 /* FileSystem.swift in Sources */ = {isa = PBXBuildFile; fileRef = 07860EAE217A09270091FF93 /* FileSystem.swift */; };
		07DF3408215F431900FD931E /* placeholder.png in Resources */ = {isa = PBXBuildFile; fileRef = 07DF3407215F431900FD931E /* placeholder.png */; };
		07DF340A21613DDA00FD931E /* back.png in Resources */ = {isa = PBXBuildFile; fileRef = 07DF340921613DDA00FD931E /* back.png */; };
		07DF340C21613DE200FD931E /* edit.png in Resources */ = {isa = PBXBuildFile; fileRef = 07DF340B21613DE200FD931E /* edit.png */; };
		07DF340E21613DEB00FD931E /* next.png in Resources */ = {isa = PBXBuildFile; fileRef = 07DF340D21613DEB00FD931E /* next.png */; };
		07DF341021613DF400FD931E /* remove.png in Resources */ = {isa = PBXBuildFile; fileRef = 07DF340F21613DF400FD931E /* remove.png */; };
/* End PBXBuildFile section */

/* Begin PBXFileReference section */
		071B49C8218A25DE0072F109 /* MKMyPointAnnotation.swift */ = {isa = PBXFileReference; lastKnownFileType = sourcecode.swift; path = MKMyPointAnnotation.swift; sourceTree = "<group>"; };
		075157F02153A00600D3435D /* MyPlaces.app */ = {isa = PBXFileReference; explicitFileType = wrapper.application; includeInIndex = 0; path = MyPlaces.app; sourceTree = BUILT_PRODUCTS_DIR; };
		075157F32153A00600D3435D /* AppDelegate.swift */ = {isa = PBXFileReference; lastKnownFileType = sourcecode.swift; path = AppDelegate.swift; sourceTree = "<group>"; };
		075157F52153A00600D3435D /* FirstViewController.swift */ = {isa = PBXFileReference; lastKnownFileType = sourcecode.swift; path = FirstViewController.swift; sourceTree = "<group>"; };
		075157F72153A00600D3435D /* SecondViewController.swift */ = {isa = PBXFileReference; lastKnownFileType = sourcecode.swift; path = SecondViewController.swift; sourceTree = "<group>"; };
		075157FA2153A00600D3435D /* Base */ = {isa = PBXFileReference; lastKnownFileType = file.storyboard; name = Base; path = Base.lproj/Main.storyboard; sourceTree = "<group>"; };
		075157FC2153A00700D3435D /* Assets.xcassets */ = {isa = PBXFileReference; lastKnownFileType = folder.assetcatalog; path = Assets.xcassets; sourceTree = "<group>"; };
		075157FF2153A00700D3435D /* Base */ = {isa = PBXFileReference; lastKnownFileType = file.storyboard; name = Base; path = Base.lproj/LaunchScreen.storyboard; sourceTree = "<group>"; };
		075158012153A00700D3435D /* Info.plist */ = {isa = PBXFileReference; lastKnownFileType = text.plist.xml; path = Info.plist; sourceTree = "<group>"; };
		075158072153A42C00D3435D /* DetailController.swift */ = {isa = PBXFileReference; lastKnownFileType = sourcecode.swift; path = DetailController.swift; sourceTree = "<group>"; };
		07570FFE2153EB8300909E8F /* MapKit.framework */ = {isa = PBXFileReference; lastKnownFileType = wrapper.framework; name = MapKit.framework; path = System/Library/Frameworks/MapKit.framework; sourceTree = SDKROOT; };
		075710002154112E00909E8F /* Place.swift */ = {isa = PBXFileReference; lastKnownFileType = sourcecode.swift; path = Place.swift; sourceTree = "<group>"; };
		0757100221541A9700909E8F /* PlaceTourist.swift */ = {isa = PBXFileReference; lastKnownFileType = sourcecode.swift; path = PlaceTourist.swift; sourceTree = "<group>"; };
		0757100421541C7100909E8F /* ManagerPlaces.swift */ = {isa = PBXFileReference; lastKnownFileType = sourcecode.swift; path = ManagerPlaces.swift; sourceTree = "<group>"; };
		0782527821710A1000B3E4E4 /* ManagerLocation.swift */ = {isa = PBXFileReference; fileEncoding = 4; lastKnownFileType = sourcecode.swift; path = ManagerLocation.swift; sourceTree = "<group>"; };
		07860EAE217A09270091FF93 /* FileSystem.swift */ = {isa = PBXFileReference; fileEncoding = 4; lastKnownFileType = sourcecode.swift; path = FileSystem.swift; sourceTree = "<group>"; };
		07DF3407215F431900FD931E /* placeholder.png */ = {isa = PBXFileReference; lastKnownFileType = image.png; path = placeholder.png; sourceTree = "<group>"; };
		07DF340921613DDA00FD931E /* back.png */ = {isa = PBXFileReference; lastKnownFileType = image.png; path = back.png; sourceTree = "<group>"; };
		07DF340B21613DE200FD931E /* edit.png */ = {isa = PBXFileReference; lastKnownFileType = image.png; path = edit.png; sourceTree = "<group>"; };
		07DF340D21613DEB00FD931E /* next.png */ = {isa = PBXFileReference; lastKnownFileType = image.png; path = next.png; sourceTree = "<group>"; };
		07DF340F21613DF400FD931E /* remove.png */ = {isa = PBXFileReference; lastKnownFileType = image.png; path = remove.png; sourceTree = "<group>"; };
/* End PBXFileReference section */

/* Begin PBXFrameworksBuildPhase section */
		075157ED2153A00600D3435D /* Frameworks */ = {
			isa = PBXFrameworksBuildPhase;
			buildActionMask = 2147483647;
			files = (
				07570FFF2153EB8300909E8F /* MapKit.framework in Frameworks */,
			);
			runOnlyForDeploymentPostprocessing = 0;
		};
/* End PBXFrameworksBuildPhase section */

/* Begin PBXGroup section */
		075157E72153A00600D3435D = {
			isa = PBXGroup;
			children = (
				075157F22153A00600D3435D /* MyPlaces */,
				075157F12153A00600D3435D /* Products */,
				07570FFD2153EB8300909E8F /* Frameworks */,
			);
			sourceTree = "<group>";
		};
		075157F12153A00600D3435D /* Products */ = {
			isa = PBXGroup;
			children = (
				075157F02153A00600D3435D /* MyPlaces.app */,
			);
			name = Products;
			sourceTree = "<group>";
		};
		075157F22153A00600D3435D /* MyPlaces */ = {
			isa = PBXGroup;
			children = (
				07DF341221613E5500FD931E /* Icons */,
				075157F32153A00600D3435D /* AppDelegate.swift */,
				075157F52153A00600D3435D /* FirstViewController.swift */,
				075157F72153A00600D3435D /* SecondViewController.swift */,
				075157F92153A00600D3435D /* Main.storyboard */,
				075157FC2153A00700D3435D /* Assets.xcassets */,
				075157FE2153A00700D3435D /* LaunchScreen.storyboard */,
				075158012153A00700D3435D /* Info.plist */,
				075158072153A42C00D3435D /* DetailController.swift */,
				071B49C8218A25DE0072F109 /* MKMyPointAnnotation.swift */,
				075710002154112E00909E8F /* Place.swift */,
				0757100221541A9700909E8F /* PlaceTourist.swift */,
				0757100421541C7100909E8F /* ManagerPlaces.swift */,
				0782527821710A1000B3E4E4 /* ManagerLocation.swift */,
				07860EAE217A09270091FF93 /* FileSystem.swift */,
			);
			path = MyPlaces;
			sourceTree = "<group>";
		};
		07570FFD2153EB8300909E8F /* Frameworks */ = {
			isa = PBXGroup;
			children = (
				07570FFE2153EB8300909E8F /* MapKit.framework */,
			);
			name = Frameworks;
			sourceTree = "<group>";
		};
		07DF341221613E5500FD931E /* Icons */ = {
			isa = PBXGroup;
			children = (
				07DF3407215F431900FD931E /* placeholder.png */,
				07DF340F21613DF400FD931E /* remove.png */,
				07DF340D21613DEB00FD931E /* next.png */,
				07DF340B21613DE200FD931E /* edit.png */,
				07DF340921613DDA00FD931E /* back.png */,
			);
			path = Icons;
			sourceTree = "<group>";
		};
/* End PBXGroup section */

/* Begin PBXNativeTarget section */
		075157EF2153A00600D3435D /* MyPlaces */ = {
			isa = PBXNativeTarget;
			buildConfigurationList = 075158042153A00700D3435D /* Build configuration list for PBXNativeTarget "MyPlaces" */;
			buildPhases = (
				075157EC2153A00600D3435D /* Sources */,
				075157ED2153A00600D3435D /* Frameworks */,
				075157EE2153A00600D3435D /* Resources */,
			);
			buildRules = (
			);
			dependencies = (
			);
			name = MyPlaces;
			productName = MyPlaces;
			productReference = 075157F02153A00600D3435D /* MyPlaces.app */;
			productType = "com.apple.product-type.application";
		};
/* End PBXNativeTarget section */

/* Begin PBXProject section */
		075157E82153A00600D3435D /* Project object */ = {
			isa = PBXProject;
			attributes = {
				LastSwiftUpdateCheck = 0940;
				LastUpgradeCheck = 0940;
				ORGANIZATIONNAME = "Sergi Juanati";
				TargetAttributes = {
					075157EF2153A00600D3435D = {
						CreatedOnToolsVersion = 9.4.1;
						LastSwiftMigration = 1000;
						SystemCapabilities = {
							com.apple.BackgroundModes = {
								enabled = 1;
							};
							com.apple.Maps.iOS = {
								enabled = 1;
							};
						};
					};
				};
			};
			buildConfigurationList = 075157EB2153A00600D3435D /* Build configuration list for PBXProject "MyPlaces" */;
			compatibilityVersion = "Xcode 9.3";
			developmentRegion = en;
			hasScannedForEncodings = 0;
			knownRegions = (
				en,
				Base,
			);
			mainGroup = 075157E72153A00600D3435D;
			productRefGroup = 075157F12153A00600D3435D /* Products */;
			projectDirPath = "";
			projectRoot = "";
			targets = (
				075157EF2153A00600D3435D /* MyPlaces */,
			);
		};
/* End PBXProject section */

/* Begin PBXResourcesBuildPhase section */
		075157EE2153A00600D3435D /* Resources */ = {
			isa = PBXResourcesBuildPhase;
			buildActionMask = 2147483647;
			files = (
				07DF340E21613DEB00FD931E /* next.png in Resources */,
				075158002153A00700D3435D /* LaunchScreen.storyboard in Resources */,
				07DF340A21613DDA00FD931E /* back.png in Resources */,
				07DF341021613DF400FD931E /* remove.png in Resources */,
				07DF3408215F431900FD931E /* placeholder.png in Resources */,
				075157FD2153A00700D3435D /* Assets.xcassets in Resources */,
				075157FB2153A00600D3435D /* Main.storyboard in Resources */,
				07DF340C21613DE200FD931E /* edit.png in Resources */,
			);
			runOnlyForDeploymentPostprocessing = 0;
		};
/* End PBXResourcesBuildPhase section */

/* Begin PBXSourcesBuildPhase section */
		075157EC2153A00600D3435D /* Sources */ = {
			isa = PBXSourcesBuildPhase;
			buildActionMask = 2147483647;
			files = (
				0757100321541A9700909E8F /* PlaceTourist.swift in Sources */,
				071B49C9218A25DE0072F109 /* MKMyPointAnnotation.swift in Sources */,
				07860EAF217A09270091FF93 /* FileSystem.swift in Sources */,
				075158082153A42C00D3435D /* DetailController.swift in Sources */,
				075157F82153A00600D3435D /* SecondViewController.swift in Sources */,
				075157F42153A00600D3435D /* AppDelegate.swift in Sources */,
				0782527921710A1000B3E4E4 /* ManagerLocation.swift in Sources */,
				075157F62153A00600D3435D /* FirstViewController.swift in Sources */,
				0757100521541C7100909E8F /* ManagerPlaces.swift in Sources */,
				075710012154112E00909E8F /* Place.swift in Sources */,
			);
			runOnlyForDeploymentPostprocessing = 0;
		};
/* End PBXSourcesBuildPhase section */

/* Begin PBXVariantGroup section */
		075157F92153A00600D3435D /* Main.storyboard */ = {
			isa = PBXVariantGroup;
			children = (
				075157FA2153A00600D3435D /* Base */,
			);
			name = Main.storyboard;
			sourceTree = "<group>";
		};
		075157FE2153A00700D3435D /* LaunchScreen.storyboard */ = {
			isa = PBXVariantGroup;
			children = (
				075157FF2153A00700D3435D /* Base */,
			);
			name = LaunchScreen.storyboard;
			sourceTree = "<group>";
		};
/* End PBXVariantGroup section */

/* Begin XCBuildConfiguration section */
		075158022153A00700D3435D /* Debug */ = {
			isa = XCBuildConfiguration;
			buildSettings = {
				ALWAYS_SEARCH_USER_PATHS = NO;
				CLANG_ANALYZER_NONNULL = YES;
				CLANG_ANALYZER_NUMBER_OBJECT_CONVERSION = YES_AGGRESSIVE;
				CLANG_CXX_LANGUAGE_STANDARD = "gnu++14";
				CLANG_CXX_LIBRARY = "libc++";
				CLANG_ENABLE_MODULES = YES;
				CLANG_ENABLE_OBJC_ARC = YES;
				CLANG_ENABLE_OBJC_WEAK = YES;
				CLANG_WARN_BLOCK_CAPTURE_AUTORELEASING = YES;
				CLANG_WARN_BOOL_CONVERSION = YES;
				CLANG_WARN_COMMA = YES;
				CLANG_WARN_CONSTANT_CONVERSION = YES;
				CLANG_WARN_DEPRECATED_OBJC_IMPLEMENTATIONS = YES;
				CLANG_WARN_DIRECT_OBJC_ISA_USAGE = YES_ERROR;
				CLANG_WARN_DOCUMENTATION_COMMENTS = YES;
				CLANG_WARN_EMPTY_BODY = YES;
				CLANG_WARN_ENUM_CONVERSION = YES;
				CLANG_WARN_INFINITE_RECURSION = YES;
				CLANG_WARN_INT_CONVERSION = YES;
				CLANG_WARN_NON_LITERAL_NULL_CONVERSION = YES;
				CLANG_WARN_OBJC_IMPLICIT_RETAIN_SELF = YES;
				CLANG_WARN_OBJC_LITERAL_CONVERSION = YES;
				CLANG_WARN_OBJC_ROOT_CLASS = YES_ERROR;
				CLANG_WARN_RANGE_LOOP_ANALYSIS = YES;
				CLANG_WARN_STRICT_PROTOTYPES = YES;
				CLANG_WARN_SUSPICIOUS_MOVE = YES;
				CLANG_WARN_UNGUARDED_AVAILABILITY = YES_AGGRESSIVE;
				CLANG_WARN_UNREACHABLE_CODE = YES;
				CLANG_WARN__DUPLICATE_METHOD_MATCH = YES;
				CODE_SIGN_IDENTITY = "iPhone Developer";
				COPY_PHASE_STRIP = NO;
				DEBUG_INFORMATION_FORMAT = dwarf;
				ENABLE_STRICT_OBJC_MSGSEND = YES;
				ENABLE_TESTABILITY = YES;
				GCC_C_LANGUAGE_STANDARD = gnu11;
				GCC_DYNAMIC_NO_PIC = NO;
				GCC_NO_COMMON_BLOCKS = YES;
				GCC_OPTIMIZATION_LEVEL = 0;
				GCC_PREPROCESSOR_DEFINITIONS = (
					"DEBUG=1",
					"$(inherited)",
				);
				GCC_WARN_64_TO_32_BIT_CONVERSION = YES;
				GCC_WARN_ABOUT_RETURN_TYPE = YES_ERROR;
				GCC_WARN_UNDECLARED_SELECTOR = YES;
				GCC_WARN_UNINITIALIZED_AUTOS = YES_AGGRESSIVE;
				GCC_WARN_UNUSED_FUNCTION = YES;
				GCC_WARN_UNUSED_VARIABLE = YES;
				IPHONEOS_DEPLOYMENT_TARGET = 11.4;
				MTL_ENABLE_DEBUG_INFO = YES;
				ONLY_ACTIVE_ARCH = YES;
				SDKROOT = iphoneos;
				SWIFT_ACTIVE_COMPILATION_CONDITIONS = DEBUG;
				SWIFT_OPTIMIZATION_LEVEL = "-Onone";
			};
			name = Debug;
		};
		075158032153A00700D3435D /* Release */ = {
			isa = XCBuildConfiguration;
			buildSettings = {
				ALWAYS_SEARCH_USER_PATHS = NO;
				CLANG_ANALYZER_NONNULL = YES;
				CLANG_ANALYZER_NUMBER_OBJECT_CONVERSION = YES_AGGRESSIVE;
				CLANG_CXX_LANGUAGE_STANDARD = "gnu++14";
				CLANG_CXX_LIBRARY = "libc++";
				CLANG_ENABLE_MODULES = YES;
				CLANG_ENABLE_OBJC_ARC = YES;
				CLANG_ENABLE_OBJC_WEAK = YES;
				CLANG_WARN_BLOCK_CAPTURE_AUTORELEASING = YES;
				CLANG_WARN_BOOL_CONVERSION = YES;
				CLANG_WARN_COMMA = YES;
				CLANG_WARN_CONSTANT_CONVERSION = YES;
				CLANG_WARN_DEPRECATED_OBJC_IMPLEMENTATIONS = YES;
				CLANG_WARN_DIRECT_OBJC_ISA_USAGE = YES_ERROR;
				CLANG_WARN_DOCUMENTATION_COMMENTS = YES;
				CLANG_WARN_EMPTY_BODY = YES;
				CLANG_WARN_ENUM_CONVERSION = YES;
				CLANG_WARN_INFINITE_RECURSION = YES;
				CLANG_WARN_INT_CONVERSION = YES;
				CLANG_WARN_NON_LITERAL_NULL_CONVERSION = YES;
				CLANG_WARN_OBJC_IMPLICIT_RETAIN_SELF = YES;
				CLANG_WARN_OBJC_LITERAL_CONVERSION = YES;
				CLANG_WARN_OBJC_ROOT_CLASS = YES_ERROR;
				CLANG_WARN_RANGE_LOOP_ANALYSIS = YES;
				CLANG_WARN_STRICT_PROTOTYPES = YES;
				CLANG_WARN_SUSPICIOUS_MOVE = YES;
				CLANG_WARN_UNGUARDED_AVAILABILITY = YES_AGGRESSIVE;
				CLANG_WARN_UNREACHABLE_CODE = YES;
				CLANG_WARN__DUPLICATE_METHOD_MATCH = YES;
				CODE_SIGN_IDENTITY = "iPhone Developer";
				COPY_PHASE_STRIP = NO;
				DEBUG_INFORMATION_FORMAT = "dwarf-with-dsym";
				ENABLE_NS_ASSERTIONS = NO;
				ENABLE_STRICT_OBJC_MSGSEND = YES;
				GCC_C_LANGUAGE_STANDARD = gnu11;
				GCC_NO_COMMON_BLOCKS = YES;
				GCC_WARN_64_TO_32_BIT_CONVERSION = YES;
				GCC_WARN_ABOUT_RETURN_TYPE = YES_ERROR;
				GCC_WARN_UNDECLARED_SELECTOR = YES;
				GCC_WARN_UNINITIALIZED_AUTOS = YES_AGGRESSIVE;
				GCC_WARN_UNUSED_FUNCTION = YES;
				GCC_WARN_UNUSED_VARIABLE = YES;
				IPHONEOS_DEPLOYMENT_TARGET = 11.4;
				MTL_ENABLE_DEBUG_INFO = NO;
				SDKROOT = iphoneos;
				SWIFT_COMPILATION_MODE = wholemodule;
				SWIFT_OPTIMIZATION_LEVEL = "-O";
				VALIDATE_PRODUCT = YES;
			};
			name = Release;
		};
		075158052153A00700D3435D /* Debug */ = {
			isa = XCBuildConfiguration;
			buildSettings = {
				ASSETCATALOG_COMPILER_APPICON_NAME = AppIcon;
				CODE_SIGN_STYLE = Automatic;
				DEVELOPMENT_TEAM = "";
				INFOPLIST_FILE = MyPlaces/Info.plist;
				LD_RUNPATH_SEARCH_PATHS = (
					"$(inherited)",
					"@executable_path/Frameworks",
				);
				PRODUCT_BUNDLE_IDENTIFIER = UOC.MyPlaces;
				PRODUCT_NAME = "$(TARGET_NAME)";
				SWIFT_VERSION = 4.2;
				TARGETED_DEVICE_FAMILY = "1,2";
			};
			name = Debug;
		};
		075158062153A00700D3435D /* Release */ = {
			isa = XCBuildConfiguration;
			buildSettings = {
				ASSETCATALOG_COMPILER_APPICON_NAME = AppIcon;
				CODE_SIGN_STYLE = Automatic;
				DEVELOPMENT_TEAM = "";
				INFOPLIST_FILE = MyPlaces/Info.plist;
				LD_RUNPATH_SEARCH_PATHS = (
					"$(inherited)",
					"@executable_path/Frameworks",
				);
				PRODUCT_BUNDLE_IDENTIFIER = UOC.MyPlaces;
				PRODUCT_NAME = "$(TARGET_NAME)";
				SWIFT_VERSION = 4.2;
				TARGETED_DEVICE_FAMILY = "1,2";
			};
			name = Release;
		};
/* End XCBuildConfiguration section */

/* Begin XCConfigurationList section */
		075157EB2153A00600D3435D /* Build configuration list for PBXProject "MyPlaces" */ = {
			isa = XCConfigurationList;
			buildConfigurations = (
				075158022153A00700D3435D /* Debug */,
				075158032153A00700D3435D /* Release */,
			);
			defaultConfigurationIsVisible = 0;
			defaultConfigurationName = Release;
		};
		075158042153A00700D3435D /* Build configuration list for PBXNativeTarget "MyPlaces" */ = {
			isa = XCConfigurationList;
			buildConfigurations = (
				075158052153A00700D3435D /* Debug */,
				075158062153A00700D3435D /* Release */,
			);
			defaultConfigurationIsVisible = 0;
			defaultConfigurationName = Release;
		};
/* End XCConfigurationList section */
	};
	rootObject = 075157E82153A00600D3435D /* Project object */;
}
